{
  "nodes": {
    "flake-utils": {
      "locked": {
        "lastModified": 1656928814,
        "narHash": "sha256-RIFfgBuKz6Hp89yRr7+NR5tzIAbn52h8vT6vXkYjZoM=",
        "owner": "numtide",
        "repo": "flake-utils",
        "rev": "7e2a3b3dfd9af950a856d66b0a7d01e3c18aa249",
        "type": "github"
      },
      "original": {
        "owner": "numtide",
        "repo": "flake-utils",
        "type": "github"
      }
    },
    "flake-utils_2": {
      "locked": {
        "lastModified": 1642700792,
        "narHash": "sha256-XqHrk7hFb+zBvRg6Ghl+AZDq03ov6OshJLiSWOoX5es=",
        "owner": "numtide",
        "repo": "flake-utils",
        "rev": "846b2ae0fc4cc943637d3d1def4454213e203cba",
        "type": "github"
      },
      "original": {
        "owner": "numtide",
        "repo": "flake-utils",
        "type": "github"
      }
    },
    "mach-nix": {
      "inputs": {
        "flake-utils": "flake-utils_2",
        "nixpkgs": "nixpkgs",
        "pypi-deps-db": [
          "pypi-deps-db"
        ]
      },
      "locked": {
        "lastModified": 1643953409,
        "narHash": "sha256-CJDg/RpZdUVyI3QIAXUqIoYDl7VkxFtNE4JWih0ucKc=",
        "owner": "DavHau",
        "repo": "mach-nix",
        "rev": "fe5255e6fd8df57e9507b7af82fc59dda9e9ff2b",
        "type": "github"
      },
      "original": {
        "id": "mach-nix",
        "ref": "3.4.0",
        "type": "indirect"
      }
    },
    "nixpkgs": {
      "locked": {
        "lastModified": 1643805626,
        "narHash": "sha256-AXLDVMG+UaAGsGSpOtQHPIKB+IZ0KSd9WS77aanGzgc=",
        "owner": "NixOS",
        "repo": "nixpkgs",
        "rev": "554d2d8aa25b6e583575459c297ec23750adb6cb",
        "type": "github"
      },
      "original": {
        "id": "nixpkgs",
        "ref": "nixos-unstable",
        "type": "indirect"
      }
    },
    "nixpkgs_2": {
      "locked": {
        "lastModified": 1658103945,
        "narHash": "sha256-1/kQlzKGt1563JZ+gIlNHU6rEbaDh2KopZLJ4CzraWI=",
        "owner": "NixOS",
        "repo": "nixpkgs",
        "rev": "2e3f6efdeda4cfff0259912495761885d8bee74a",
        "type": "github"
      },
      "original": {
        "owner": "NixOS",
        "ref": "nixos-unstable",
        "repo": "nixpkgs",
        "type": "github"
      }
    },
    "pypi-deps-db": {
      "flake": false,
      "locked": {
        "lastModified": 1658219662,
        "narHash": "sha256-s28z3gXCUXl17t5H2VfU9I35oJDqX38Id1hzGh9+hYg=",
        "owner": "DavHau",
        "repo": "pypi-deps-db",
        "rev": "16270820e13654f64d21b69ccf2d2954aa9d0c07",
        "type": "github"
      },
      "original": {
        "owner": "DavHau",
        "repo": "pypi-deps-db",
        "type": "github"
      }
    },
    "root": {
      "inputs": {
        "flake-utils": "flake-utils",
        "mach-nix": "mach-nix",
        "nixpkgs": "nixpkgs_2",
        "pypi-deps-db": "pypi-deps-db"
      }
    }
  },
  "root": "root",
  "version": 7
}
